
Microsoft Visual Studio Solution File, Format Version 12.00
# Visual Studio Version 16
VisualStudioVersion = 16.0.31205.134
MinimumVisualStudioVersion = 10.0.40219.1
Project("{FAE04EC0-301F-11D3-BF4B-00C04F79EFBC}") = "ExtracurricularActivitiesManagement", "ExtracurricularActivitiesManagement.csproj", "{9C17D437-82BB-4345-8731-23F7D7AFFA2F}"
EndProject
Global
	GlobalSection(SolutionConfigurationPlatforms) = preSolution
		Debug|Any CPU = Debug|Any CPU
		Release|Any CPU = Release|Any CPU
	EndGlobalSection
	GlobalSection(ProjectConfigurationPlatforms) = postSolution
		{9C17D437-82BB-4345-8731-23F7D7AFFA2F}.Debug|Any CPU.ActiveCfg = Debug|Any CPU
		{9C17D437-82BB-4345-8731-23F7D7AFFA2F}.Debug|Any CPU.Build.0 = Debug|Any CPU
		{9C17D437-82BB-4345-8731-23F7D7AFFA2F}.Release|Any CPU.ActiveCfg = Release|Any CPU
		{9C17D437-82BB-4345-8731-23F7D7AFFA2F}.Release|Any CPU.Build.0 = Release|Any CPU
	EndGlobalSection
	GlobalSection(SolutionProperties) = preSolution
		HideSolutionNode = FALSE
	EndGlobalSection
	GlobalSection(ExtensibilityGlobals) = postSolution
		SolutionGuid = {9DAD900C-F1C3-46DC-BBDB-C6F456AAE774}
	EndGlobalSection
EndGlobal
