{
  "requires": true,
  "lockfileVersion": 1,
  "dependencies": {
    "@angular/animations": {
      "version": "12.1.1",
      "resolved": "https://registry.npmjs.org/@angular/animations/-/animations-12.1.1.tgz",
      "integrity": "sha512-79TfDx1AAxrVNM56oY+OwRpku9eCF6w3ko2DWDeQpgCvqM6/a53B5rPhz6yuwgadIqUdQH0T4CeE/v5hXYdOMA==",
      "requires": {
        "tslib": "^2.2.0"
      }
    },
    "@angular/cdk": {
      "version": "12.1.1",
      "resolved": "https://registry.npmjs.org/@angular/cdk/-/cdk-12.1.1.tgz",
      "integrity": "sha512-MJENa8qmfLAr6t59u1+mEC2YPbCn4n3vsY6k8fKyf+ILXwwGHWNZlYblaRMBjrF/crSx1Kd5vb30RCqIcNTGsA==",
      "requires": {
        "parse5": "^5.0.0",
        "tslib": "^2.2.0"
      }
    },
    "@angular/material": {
      "version": "12.1.1",
      "resolved": "https://registry.npmjs.org/@angular/material/-/material-12.1.1.tgz",
      "integrity": "sha512-q2vhbVQfjr+88beqCotCVlaPRyy9y2O2asiR3+0BU9OJ1DjTo1QpBmMpck5InP7Es49t9RTk9RzzC0t18p45yA==",
      "requires": {
        "tslib": "^2.2.0"
      }
    },
    "hammerjs": {
      "version": "2.0.8",
      "resolved": "https://registry.npmjs.org/hammerjs/-/hammerjs-2.0.8.tgz",
      "integrity": "sha1-BO93hiz/K7edMPdpIJWTAiK/YPE="
    },
    "parse5": {
      "version": "5.1.1",
      "resolved": "https://registry.npmjs.org/parse5/-/parse5-5.1.1.tgz",
      "integrity": "sha512-ugq4DFI0Ptb+WWjAdOK16+u/nHfiIrcE+sh8kZMaM0WllQKLI9rOUq6c2b7cwPkXdzfQESqvoqK6ug7U/Yyzug==",
      "optional": true
    },
    "tslib": {
      "version": "2.3.0",
      "resolved": "https://registry.npmjs.org/tslib/-/tslib-2.3.0.tgz",
      "integrity": "sha512-N82ooyxVNm6h1riLCoyS9e3fuJ3AMG2zIZs2Gd1ATcSFjSA23Q0fzjjZeh0jbJvWVDZ0cJT8yaNNaaXHzueNjg=="
    }
  }
}
